{
  "name": "ogawa",
  "version": "0.0.1",
  "lockfileVersion": 3,
  "requires": true,
  "packages": {
    "": {
      "name": "ogawa",
      "version": "0.0.1",
      "license": "ISC",
      "dependencies": {
        "@dubaua/merge-options": "^3.0.1",
        "@dubaua/observable": "^2.1.0"
      }
    },
    "node_modules/@dubaua/merge-options": {
      "version": "3.0.1",
      "resolved": "https://registry.npmjs.org/@dubaua/merge-options/-/merge-options-3.0.1.tgz",
      "integrity": "sha512-Y8sNM8xAJrMT0+snK2RI/qEKuu3KpamaNSeUh4B9SYmrqdWwq/XLkkETvHMDZgvflW3LUiXW6RkqlYiAZdbbYw==",
      "license": "ISC"
    },
    "node_modules/@dubaua/observable": {
      "version": "2.1.0",
      "resolved": "https://registry.npmjs.org/@dubaua/observable/-/observable-2.1.0.tgz",
      "integrity": "sha512-cZU/l0OAe3QgJkC9AA6ThjoNVdNpxTIQEpkYcK0vfrZkwdX7NZQd6YzQwb/BGGSW7skvPrd6qnjtUeXa7HYvbA==",
      "license": "ISC"
    }
  }
}
